{
  "object": {
    "pins": [
      {
        "package": "RiMovieCore",
        "repositoryURL": "https://github.com/arisupriatna14/RiMovie-CoreModule.git",
        "state": {
          "branch": null,
          "revision": "d539f1c2d073d100be29f77ff650ba2daaeb5318",
          "version": "0.0.1"
        }
      }
    ]
  },
  "version": 1
}
