{
  "object": {
    "pins": [
      {
        "package": "Resolver",
        "repositoryURL": "https://github.com/hmlongco/Resolver",
        "state": {
          "branch": null,
          "revision": "2d15bf5b33b3c95704e84a5b2a43485606bdd5c4",
          "version": "1.4.0"
        }
      },
      {
        "package": "RiMovieCore",
        "repositoryURL": "https://github.com/arisupriatna14/RiMovie-CoreModule.git",
        "state": {
          "branch": null,
          "revision": "d539f1c2d073d100be29f77ff650ba2daaeb5318",
          "version": "0.0.1"
        }
      }
    ]
  },
  "version": 1
}
